{
    "_readme": [
        "This file locks the dependencies of your project to a known state",
        "Read more about it at https://getcomposer.org/doc/01-basic-usage.md#composer-lock-the-lock-file",
        "This file is @generated automatically"
    ],
    "hash": "f0d11868ce846ffc4922e5fd4d14016e",
    "content-hash": "8422817ebfdaaf41dd0b1cf8fc011edc",
    "packages": [
        {
            "name": "davidalger/devenv",
            "version": "1.0.0-beta24",
            "source": {
                "type": "git",
                "url": "https://github.com/davidalger/devenv.git",
                "reference": "316cf4071d3e422308123279146f0fed7e3bb61a"
            },
            "dist": {
                "type": "zip",
                "url": "https://api.github.com/repos/davidalger/devenv/zipball/316cf4071d3e422308123279146f0fed7e3bb61a",
                "reference": "316cf4071d3e422308123279146f0fed7e3bb61a",
                "shasum": ""
            },
            "type": "library",
            "license": [
                "OSL-3.0"
            ],
            "authors": [
                {
                    "name": "David Alger",
                    "homepage": "http://davidalger.com"
                }
            ],
            "description": "Vagrant Development Environment for Mac OS X Hosts",
            "support": {
                "source": "https://github.com/davidalger/devenv/tree/1.0.0-beta24",
                "issues": "https://github.com/davidalger/devenv/issues"
            },
            "time": "2016-06-02 17:44:44"
        }
    ],
    "packages-dev": [],
    "aliases": [],
    "minimum-stability": "beta",
    "stability-flags": [],
    "prefer-stable": false,
    "prefer-lowest": false,
    "platform": [],
    "platform-dev": []
}
