{
    "_readme": [
        "This file locks the dependencies of your project to a known state",
        "Read more about it at https://getcomposer.org/doc/01-basic-usage.md#composer-lock-the-lock-file",
        "This file is @generated automatically"
    ],
    "hash": "dee229ec90b300675ac9f6a91ee25f59",
    "content-hash": "640b8e35e610d43183dbe17c690f3818",
    "packages": [
        {
            "name": "davidalger/devenv",
            "version": "1.0.0-beta15",
            "source": {
                "type": "git",
                "url": "https://github.com/davidalger/devenv.git",
                "reference": "144094bb0dc042e803b65ef46c4b37952bc20cca"
            },
            "dist": {
                "type": "zip",
                "url": "https://api.github.com/repos/davidalger/devenv/zipball/144094bb0dc042e803b65ef46c4b37952bc20cca",
                "reference": "144094bb0dc042e803b65ef46c4b37952bc20cca",
                "shasum": ""
            },
            "type": "library",
            "license": [
                "OSL-3.0"
            ],
            "authors": [
                {
                    "name": "David Alger",
                    "homepage": "http://davidalger.com"
                }
            ],
            "description": "Vagrant Development Environment for Mac OS X Hosts",
            "support": {
                "source": "https://github.com/davidalger/devenv/tree/1.0.0-beta15",
                "issues": "https://github.com/davidalger/devenv/issues"
            },
            "time": "2016-01-22 03:43:13"
        }
    ],
    "packages-dev": [],
    "aliases": [],
    "minimum-stability": "beta",
    "stability-flags": [],
    "prefer-stable": false,
    "prefer-lowest": false,
    "platform": [],
    "platform-dev": []
}
