{
    "_readme": [
        "This file locks the dependencies of your project to a known state",
        "Read more about it at https://getcomposer.org/doc/01-basic-usage.md#composer-lock-the-lock-file",
        "This file is @generated automatically"
    ],
    "hash": "a7cd46b53d44652c7761bb0cb9e634f5",
    "content-hash": "196c382b610cd7cf55e9993eead08a79",
    "packages": [
        {
            "name": "davidalger/devenv",
            "version": "dev-develop",
            "source": {
                "type": "git",
                "url": "https://github.com/davidalger/devenv.git",
                "reference": "004e8a1ffac31378eba282108857468d95b17854"
            },
            "dist": {
                "type": "zip",
                "url": "https://api.github.com/repos/davidalger/devenv/zipball/004e8a1ffac31378eba282108857468d95b17854",
                "reference": "004e8a1ffac31378eba282108857468d95b17854",
                "shasum": ""
            },
            "type": "library",
            "license": [
                "OSL-3.0"
            ],
            "authors": [
                {
                    "name": "David Alger",
                    "homepage": "http://davidalger.com"
                }
            ],
            "description": "Vagrant Development Environment for Mac OS X Hosts",
            "support": {
                "source": "https://github.com/davidalger/devenv/tree/develop",
                "issues": "https://github.com/davidalger/devenv/issues"
            },
            "time": "2016-01-18 17:48:03"
        }
    ],
    "packages-dev": [],
    "aliases": [],
    "minimum-stability": "beta",
    "stability-flags": {
        "davidalger/devenv": 20
    },
    "prefer-stable": false,
    "prefer-lowest": false,
    "platform": [],
    "platform-dev": []
}
